
Microsoft Visual Studio Solution File, Format Version 12.00
Project("{FAE04EC0-301F-11D3-BF4B-00C04F79EFBC}") = "PromomashTestApp", "PromomashTestApp\PromomashTestApp.csproj", "{6FD89F5F-E0A1-4F06-A205-344AC3D38AB5}"
EndProject
Project("{FAE04EC0-301F-11D3-BF4B-00C04F79EFBC}") = "PromomashTestApp.Infrastructure", "PromomashTestApp.Infrastructure\PromomashTestApp.Infrastructure.csproj", "{33D73D34-B74E-4DA6-9C78-721142CFDF92}"
EndProject
Global
	GlobalSection(SolutionConfigurationPlatforms) = preSolution
		Debug|Any CPU = Debug|Any CPU
		Release|Any CPU = Release|Any CPU
	EndGlobalSection
	GlobalSection(ProjectConfigurationPlatforms) = postSolution
		{6FD89F5F-E0A1-4F06-A205-344AC3D38AB5}.Debug|Any CPU.ActiveCfg = Debug|Any CPU
		{6FD89F5F-E0A1-4F06-A205-344AC3D38AB5}.Debug|Any CPU.Build.0 = Debug|Any CPU
		{6FD89F5F-E0A1-4F06-A205-344AC3D38AB5}.Release|Any CPU.ActiveCfg = Release|Any CPU
		{6FD89F5F-E0A1-4F06-A205-344AC3D38AB5}.Release|Any CPU.Build.0 = Release|Any CPU
		{33D73D34-B74E-4DA6-9C78-721142CFDF92}.Debug|Any CPU.ActiveCfg = Debug|Any CPU
		{33D73D34-B74E-4DA6-9C78-721142CFDF92}.Debug|Any CPU.Build.0 = Debug|Any CPU
		{33D73D34-B74E-4DA6-9C78-721142CFDF92}.Release|Any CPU.ActiveCfg = Release|Any CPU
		{33D73D34-B74E-4DA6-9C78-721142CFDF92}.Release|Any CPU.Build.0 = Release|Any CPU
	EndGlobalSection
EndGlobal
